PODS:
  - mob_sharesdk (4.1.4):
    - mob_sharesdk/ShareSDK (= 4.1.4)
    - MOBFoundation
  - mob_sharesdk/ShareSDK (4.1.4):
    - MOBFoundation
  - mob_sharesdk/ShareSDKPlatforms/QQ (4.1.4):
    - mob_sharesdk/ShareSDK
    - MOBFoundation
  - mob_sharesdk/ShareSDKPlatforms/SinaWeibo (4.1.4):
    - mob_sharesdk/ShareSDK
    - MOBFoundation
  - mob_sharesdk/ShareSDKPlatforms/WeChatFull (4.1.4):
    - mob_sharesdk/ShareSDK
    - MOBFoundation
  - mob_sharesdk/ShareSDKUI (4.1.4):
    - mob_sharesdk/ShareSDK
    - MOBFoundation
  - MOBFoundation (3.1.8)

DEPENDENCIES:
  - mob_sharesdk
  - mob_sharesdk/ShareSDKPlatforms/QQ
  - mob_sharesdk/ShareSDKPlatforms/SinaWeibo
  - mob_sharesdk/ShareSDKPlatforms/WeChatFull
  - mob_sharesdk/ShareSDKUI

SPEC CHECKSUMS:
  mob_sharesdk: 765cc2fd2fac0a6fd7c3e6c2b10d729ad006c608
  MOBFoundation: 7f1e157be332576e4d45809a03bc733292c6ad8d

PODFILE CHECKSUM: 3e8137933ace20add6a917ce2fa5512387151c56

COCOAPODS: 1.4.0
