// !$*UTF8*$!
{
	archiveVersion = 1;
	classes = {
	};
	objectVersion = 48;
	objects = {

/* Begin PBXBuildFile section */
		040C87DE1FF2568C00CCBCC2 /* Data.plist in Resources */ = {isa = PBXBuildFile; fileRef = 040C87DD1FF2568C00CCBCC2 /* Data.plist */; };
		040D76E61FFBBEF700A5823F /* XMessageView.m in Sources */ = {isa = PBXBuildFile; fileRef = 040D76E51FFBBEF700A5823F /* XMessageView.m */; };
		0415B79B200B352B0063EF25 /* MenuViewController.swift in Sources */ = {isa = PBXBuildFile; fileRef = 0415B799200B352B0063EF25 /* MenuViewController.swift */; };
		0415B79C200B352B0063EF25 /* ViewController.swift in Sources */ = {isa = PBXBuildFile; fileRef = 0415B79A200B352B0063EF25 /* ViewController.swift */; };
		041BC9AC1FF34CB2009016FE /* TableViewCell.swift in Sources */ = {isa = PBXBuildFile; fileRef = 041BC9AA1FF34CB2009016FE /* TableViewCell.swift */; };
		041BC9AD1FF34CB2009016FE /* TableViewCell.xib in Resources */ = {isa = PBXBuildFile; fileRef = 041BC9AB1FF34CB2009016FE /* TableViewCell.xib */; };
		041BC9B41FF379AB009016FE /* XCalculateString.swift in Sources */ = {isa = PBXBuildFile; fileRef = 041BC9B31FF379AB009016FE /* XCalculateString.swift */; };
		041EC3C11FFA9128008962C1 /* MSElementTable.m in Sources */ = {isa = PBXBuildFile; fileRef = 041EC3A11FFA9128008962C1 /* MSElementTable.m */; };
		041EC3C21FFA9128008962C1 /* MSParser.m in Sources */ = {isa = PBXBuildFile; fileRef = 041EC3A31FFA9128008962C1 /* MSParser.m */; };
		041EC3C31FFA9128008962C1 /* MSScaner.m in Sources */ = {isa = PBXBuildFile; fileRef = 041EC3A51FFA9128008962C1 /* MSScaner.m */; };
		041EC3C41FFA9128008962C1 /* MSStack.m in Sources */ = {isa = PBXBuildFile; fileRef = 041EC3A71FFA9128008962C1 /* MSStack.m */; };
		041EC3C51FFA9128008962C1 /* NSError+MSExpression.m in Sources */ = {isa = PBXBuildFile; fileRef = 041EC3A91FFA9128008962C1 /* NSError+MSExpression.m */; };
		041EC3C61FFA9128008962C1 /* MSExpressionHelper.m in Sources */ = {isa = PBXBuildFile; fileRef = 041EC3AC1FFA9128008962C1 /* MSExpressionHelper.m */; };
		041EC3C71FFA9128008962C1 /* MSConstant.m in Sources */ = {isa = PBXBuildFile; fileRef = 041EC3B01FFA9128008962C1 /* MSConstant.m */; };
		041EC3C81FFA9128008962C1 /* MSElement.m in Sources */ = {isa = PBXBuildFile; fileRef = 041EC3B21FFA9128008962C1 /* MSElement.m */; };
		041EC3C91FFA9128008962C1 /* MSFunctionOperator.m in Sources */ = {isa = PBXBuildFile; fileRef = 041EC3B41FFA9128008962C1 /* MSFunctionOperator.m */; };
		041EC3CA1FFA9128008962C1 /* MSNumber.m in Sources */ = {isa = PBXBuildFile; fileRef = 041EC3B61FFA9128008962C1 /* MSNumber.m */; };
		041EC3CB1FFA9128008962C1 /* MSNumberGroup.m in Sources */ = {isa = PBXBuildFile; fileRef = 041EC3B81FFA9128008962C1 /* MSNumberGroup.m */; };
		041EC3CC1FFA9128008962C1 /* MSOperator.m in Sources */ = {isa = PBXBuildFile; fileRef = 041EC3BA1FFA9128008962C1 /* MSOperator.m */; };
		041EC3CD1FFA9128008962C1 /* MSPairOperator.m in Sources */ = {isa = PBXBuildFile; fileRef = 041EC3BC1FFA9128008962C1 /* MSPairOperator.m */; };
		041EC3CE1FFA9128008962C1 /* MSValue.m in Sources */ = {isa = PBXBuildFile; fileRef = 041EC3BE1FFA9128008962C1 /* MSValue.m */; };
		041EC3CF1FFA9128008962C1 /* MSValueOperator.m in Sources */ = {isa = PBXBuildFile; fileRef = 041EC3C01FFA9128008962C1 /* MSValueOperator.m */; };
		042EBCEA203034B900EDAC8A /* YearAwardsViewController.swift in Sources */ = {isa = PBXBuildFile; fileRef = 042EBCE9203034B900EDAC8A /* YearAwardsViewController.swift */; };
		042EBCEC203054DE00EDAC8A /* ATaxCalViewController.swift in Sources */ = {isa = PBXBuildFile; fileRef = 042EBCEB203054DE00EDAC8A /* ATaxCalViewController.swift */; };
		042EBCEE20305F7000EDAC8A /* MortgageViewController.swift in Sources */ = {isa = PBXBuildFile; fileRef = 042EBCED20305F7000EDAC8A /* MortgageViewController.swift */; };
		045722D21FEFA9FE00E9EA7A /* AppDelegate.swift in Sources */ = {isa = PBXBuildFile; fileRef = 045722D11FEFA9FE00E9EA7A /* AppDelegate.swift */; };
		045722D71FEFA9FE00E9EA7A /* Main.storyboard in Resources */ = {isa = PBXBuildFile; fileRef = 045722D51FEFA9FE00E9EA7A /* Main.storyboard */; };
		045722D91FEFA9FE00E9EA7A /* Assets.xcassets in Resources */ = {isa = PBXBuildFile; fileRef = 045722D81FEFA9FE00E9EA7A /* Assets.xcassets */; };
		045722DC1FEFA9FE00E9EA7A /* LaunchScreen.storyboard in Resources */ = {isa = PBXBuildFile; fileRef = 045722DA1FEFA9FE00E9EA7A /* LaunchScreen.storyboard */; };
		045722E71FEFA9FE00E9EA7A /* CalculatorTests.swift in Sources */ = {isa = PBXBuildFile; fileRef = 045722E61FEFA9FE00E9EA7A /* CalculatorTests.swift */; };
		045722F21FEFA9FE00E9EA7A /* CalculatorUITests.swift in Sources */ = {isa = PBXBuildFile; fileRef = 045722F11FEFA9FE00E9EA7A /* CalculatorUITests.swift */; };
		045723001FEFC4CE00E9EA7A /* CollectionViewCell.swift in Sources */ = {isa = PBXBuildFile; fileRef = 045722FF1FEFC4CE00E9EA7A /* CollectionViewCell.swift */; };
		04887847201F5A5D00AC8C4B /* XColorPickerView.mm in Sources */ = {isa = PBXBuildFile; fileRef = 04887845201F5A5D00AC8C4B /* XColorPickerView.mm */; };
		0488784F201F5DE600AC8C4B /* ThemeColorViewController.m in Sources */ = {isa = PBXBuildFile; fileRef = 0488784D201F5DE600AC8C4B /* ThemeColorViewController.m */; };
		04887850201F5DE600AC8C4B /* ThemeColorViewController.xib in Resources */ = {isa = PBXBuildFile; fileRef = 0488784E201F5DE600AC8C4B /* ThemeColorViewController.xib */; };
		0488785B202307F200AC8C4B /* Bugly.framework in Frameworks */ = {isa = PBXBuildFile; fileRef = 0488785A202307F200AC8C4B /* Bugly.framework */; };
		0488785E2023081600AC8C4B /* SystemConfiguration.framework in Frameworks */ = {isa = PBXBuildFile; fileRef = 0488785D2023081600AC8C4B /* SystemConfiguration.framework */; };
		048878602023081E00AC8C4B /* Security.framework in Frameworks */ = {isa = PBXBuildFile; fileRef = 0488785F2023081E00AC8C4B /* Security.framework */; };
		048878622023083600AC8C4B /* libz.tbd in Frameworks */ = {isa = PBXBuildFile; fileRef = 048878612023083600AC8C4B /* libz.tbd */; };
		048878642023084500AC8C4B /* libc++.tbd in Frameworks */ = {isa = PBXBuildFile; fileRef = 048878632023084500AC8C4B /* libc++.tbd */; };
		049EF409200FB31F0076B6BE /* MainViewController.swift in Sources */ = {isa = PBXBuildFile; fileRef = 049EF408200FB31F0076B6BE /* MainViewController.swift */; };
		049EF4112014A1D70076B6BE /* XUppercase.m in Sources */ = {isa = PBXBuildFile; fileRef = 049EF4102014A1D70076B6BE /* XUppercase.m */; };
		049EF413201626780076B6BE /* CapitalViewController.swift in Sources */ = {isa = PBXBuildFile; fileRef = 049EF412201626780076B6BE /* CapitalViewController.swift */; };
		04BBDA2D2017775800B3ED3A /* UniExpressionViewController.swift in Sources */ = {isa = PBXBuildFile; fileRef = 04BBDA2C2017775800B3ED3A /* UniExpressionViewController.swift */; };
		96543B6E213FA28000220014 /* SOWebViewController.swift in Sources */ = {isa = PBXBuildFile; fileRef = 96543B6D213FA28000220014 /* SOWebViewController.swift */; };
/* End PBXBuildFile section */

/* Begin PBXContainerItemProxy section */
		045722E31FEFA9FE00E9EA7A /* PBXContainerItemProxy */ = {
			isa = PBXContainerItemProxy;
			containerPortal = 045722C61FEFA9FE00E9EA7A /* Project object */;
			proxyType = 1;
			remoteGlobalIDString = 045722CD1FEFA9FE00E9EA7A;
			remoteInfo = Calculator;
		};
		045722EE1FEFA9FE00E9EA7A /* PBXContainerItemProxy */ = {
			isa = PBXContainerItemProxy;
			containerPortal = 045722C61FEFA9FE00E9EA7A /* Project object */;
			proxyType = 1;
			remoteGlobalIDString = 045722CD1FEFA9FE00E9EA7A;
			remoteInfo = Calculator;
		};
/* End PBXContainerItemProxy section */

/* Begin PBXFileReference section */
		040C87DD1FF2568C00CCBCC2 /* Data.plist */ = {isa = PBXFileReference; lastKnownFileType = text.plist.xml; path = Data.plist; sourceTree = "<group>"; };
		040D76E41FFBBEF700A5823F /* XMessageView.h */ = {isa = PBXFileReference; fileEncoding = 4; lastKnownFileType = sourcecode.c.h; path = XMessageView.h; sourceTree = "<group>"; };
		040D76E51FFBBEF700A5823F /* XMessageView.m */ = {isa = PBXFileReference; fileEncoding = 4; lastKnownFileType = sourcecode.c.objc; path = XMessageView.m; sourceTree = "<group>"; };
		0415B799200B352B0063EF25 /* MenuViewController.swift */ = {isa = PBXFileReference; fileEncoding = 4; lastKnownFileType = sourcecode.swift; path = MenuViewController.swift; sourceTree = "<group>"; };
		0415B79A200B352B0063EF25 /* ViewController.swift */ = {isa = PBXFileReference; fileEncoding = 4; lastKnownFileType = sourcecode.swift; path = ViewController.swift; sourceTree = "<group>"; };
		041BC9AA1FF34CB2009016FE /* TableViewCell.swift */ = {isa = PBXFileReference; lastKnownFileType = sourcecode.swift; path = TableViewCell.swift; sourceTree = "<group>"; };
		041BC9AB1FF34CB2009016FE /* TableViewCell.xib */ = {isa = PBXFileReference; lastKnownFileType = file.xib; path = TableViewCell.xib; sourceTree = "<group>"; };
		041BC9B31FF379AB009016FE /* XCalculateString.swift */ = {isa = PBXFileReference; lastKnownFileType = sourcecode.swift; path = XCalculateString.swift; sourceTree = "<group>"; };
		041EC3A01FFA9128008962C1 /* MSElementTable.h */ = {isa = PBXFileReference; fileEncoding = 4; lastKnownFileType = sourcecode.c.h; path = MSElementTable.h; sourceTree = "<group>"; };
		041EC3A11FFA9128008962C1 /* MSElementTable.m */ = {isa = PBXFileReference; fileEncoding = 4; lastKnownFileType = sourcecode.c.objc; path = MSElementTable.m; sourceTree = "<group>"; };
		041EC3A21FFA9128008962C1 /* MSParser.h */ = {isa = PBXFileReference; fileEncoding = 4; lastKnownFileType = sourcecode.c.h; path = MSParser.h; sourceTree = "<group>"; };
		041EC3A31FFA9128008962C1 /* MSParser.m */ = {isa = PBXFileReference; fileEncoding = 4; lastKnownFileType = sourcecode.c.objc; path = MSParser.m; sourceTree = "<group>"; };
		041EC3A41FFA9128008962C1 /* MSScaner.h */ = {isa = PBXFileReference; fileEncoding = 4; lastKnownFileType = sourcecode.c.h; path = MSScaner.h; sourceTree = "<group>"; };
		041EC3A51FFA9128008962C1 /* MSScaner.m */ = {isa = PBXFileReference; fileEncoding = 4; lastKnownFileType = sourcecode.c.objc; path = MSScaner.m; sourceTree = "<group>"; };
		041EC3A61FFA9128008962C1 /* MSStack.h */ = {isa = PBXFileReference; fileEncoding = 4; lastKnownFileType = sourcecode.c.h; path = MSStack.h; sourceTree = "<group>"; };
		041EC3A71FFA9128008962C1 /* MSStack.m */ = {isa = PBXFileReference; fileEncoding = 4; lastKnownFileType = sourcecode.c.objc; path = MSStack.m; sourceTree = "<group>"; };
		041EC3A81FFA9128008962C1 /* NSError+MSExpression.h */ = {isa = PBXFileReference; fileEncoding = 4; lastKnownFileType = sourcecode.c.h; path = "NSError+MSExpression.h"; sourceTree = "<group>"; };
		041EC3A91FFA9128008962C1 /* NSError+MSExpression.m */ = {isa = PBXFileReference; fileEncoding = 4; lastKnownFileType = sourcecode.c.objc; path = "NSError+MSExpression.m"; sourceTree = "<group>"; };
		041EC3AB1FFA9128008962C1 /* MSExpressionHelper.h */ = {isa = PBXFileReference; fileEncoding = 4; lastKnownFileType = sourcecode.c.h; path = MSExpressionHelper.h; sourceTree = "<group>"; };
		041EC3AC1FFA9128008962C1 /* MSExpressionHelper.m */ = {isa = PBXFileReference; fileEncoding = 4; lastKnownFileType = sourcecode.c.objc; path = MSExpressionHelper.m; sourceTree = "<group>"; };
		041EC3AD1FFA9128008962C1 /* MathStringExpression.h */ = {isa = PBXFileReference; fileEncoding = 4; lastKnownFileType = sourcecode.c.h; path = MathStringExpression.h; sourceTree = "<group>"; };
		041EC3AF1FFA9128008962C1 /* MSConstant.h */ = {isa = PBXFileReference; fileEncoding = 4; lastKnownFileType = sourcecode.c.h; path = MSConstant.h; sourceTree = "<group>"; };
		041EC3B01FFA9128008962C1 /* MSConstant.m */ = {isa = PBXFileReference; fileEncoding = 4; lastKnownFileType = sourcecode.c.objc; path = MSConstant.m; sourceTree = "<group>"; };
		041EC3B11FFA9128008962C1 /* MSElement.h */ = {isa = PBXFileReference; fileEncoding = 4; lastKnownFileType = sourcecode.c.h; path = MSElement.h; sourceTree = "<group>"; };
		041EC3B21FFA9128008962C1 /* MSElement.m */ = {isa = PBXFileReference; fileEncoding = 4; lastKnownFileType = sourcecode.c.objc; path = MSElement.m; sourceTree = "<group>"; };
		041EC3B31FFA9128008962C1 /* MSFunctionOperator.h */ = {isa = PBXFileReference; fileEncoding = 4; lastKnownFileType = sourcecode.c.h; path = MSFunctionOperator.h; sourceTree = "<group>"; };
		041EC3B41FFA9128008962C1 /* MSFunctionOperator.m */ = {isa = PBXFileReference; fileEncoding = 4; lastKnownFileType = sourcecode.c.objc; path = MSFunctionOperator.m; sourceTree = "<group>"; };
		041EC3B51FFA9128008962C1 /* MSNumber.h */ = {isa = PBXFileReference; fileEncoding = 4; lastKnownFileType = sourcecode.c.h; path = MSNumber.h; sourceTree = "<group>"; };
		041EC3B61FFA9128008962C1 /* MSNumber.m */ = {isa = PBXFileReference; fileEncoding = 4; lastKnownFileType = sourcecode.c.objc; path = MSNumber.m; sourceTree = "<group>"; };
		041EC3B71FFA9128008962C1 /* MSNumberGroup.h */ = {isa = PBXFileReference; fileEncoding = 4; lastKnownFileType = sourcecode.c.h; path = MSNumberGroup.h; sourceTree = "<group>"; };
		041EC3B81FFA9128008962C1 /* MSNumberGroup.m */ = {isa = PBXFileReference; fileEncoding = 4; lastKnownFileType = sourcecode.c.objc; path = MSNumberGroup.m; sourceTree = "<group>"; };
		041EC3B91FFA9128008962C1 /* MSOperator.h */ = {isa = PBXFileReference; fileEncoding = 4; lastKnownFileType = sourcecode.c.h; path = MSOperator.h; sourceTree = "<group>"; };
		041EC3BA1FFA9128008962C1 /* MSOperator.m */ = {isa = PBXFileReference; fileEncoding = 4; lastKnownFileType = sourcecode.c.objc; path = MSOperator.m; sourceTree = "<group>"; };
		041EC3BB1FFA9128008962C1 /* MSPairOperator.h */ = {isa = PBXFileReference; fileEncoding = 4; lastKnownFileType = sourcecode.c.h; path = MSPairOperator.h; sourceTree = "<group>"; };
		041EC3BC1FFA9128008962C1 /* MSPairOperator.m */ = {isa = PBXFileReference; fileEncoding = 4; lastKnownFileType = sourcecode.c.objc; path = MSPairOperator.m; sourceTree = "<group>"; };
		041EC3BD1FFA9128008962C1 /* MSValue.h */ = {isa = PBXFileReference; fileEncoding = 4; lastKnownFileType = sourcecode.c.h; path = MSValue.h; sourceTree = "<group>"; };
		041EC3BE1FFA9128008962C1 /* MSValue.m */ = {isa = PBXFileReference; fileEncoding = 4; lastKnownFileType = sourcecode.c.objc; path = MSValue.m; sourceTree = "<group>"; };
		041EC3BF1FFA9128008962C1 /* MSValueOperator.h */ = {isa = PBXFileReference; fileEncoding = 4; lastKnownFileType = sourcecode.c.h; path = MSValueOperator.h; sourceTree = "<group>"; };
		041EC3C01FFA9128008962C1 /* MSValueOperator.m */ = {isa = PBXFileReference; fileEncoding = 4; lastKnownFileType = sourcecode.c.objc; path = MSValueOperator.m; sourceTree = "<group>"; };
		041EC3D31FFA925C008962C1 /* Calculator-Bridging-Header.h */ = {isa = PBXFileReference; lastKnownFileType = sourcecode.c.h; path = "Calculator-Bridging-Header.h"; sourceTree = "<group>"; };
		042EBCE9203034B900EDAC8A /* YearAwardsViewController.swift */ = {isa = PBXFileReference; lastKnownFileType = sourcecode.swift; path = YearAwardsViewController.swift; sourceTree = "<group>"; };
		042EBCEB203054DE00EDAC8A /* ATaxCalViewController.swift */ = {isa = PBXFileReference; lastKnownFileType = sourcecode.swift; path = ATaxCalViewController.swift; sourceTree = "<group>"; };
		042EBCED20305F7000EDAC8A /* MortgageViewController.swift */ = {isa = PBXFileReference; lastKnownFileType = sourcecode.swift; path = MortgageViewController.swift; sourceTree = "<group>"; };
		045722CE1FEFA9FE00E9EA7A /* Calculator.app */ = {isa = PBXFileReference; explicitFileType = wrapper.application; includeInIndex = 0; path = Calculator.app; sourceTree = BUILT_PRODUCTS_DIR; };
		045722D11FEFA9FE00E9EA7A /* AppDelegate.swift */ = {isa = PBXFileReference; lastKnownFileType = sourcecode.swift; path = AppDelegate.swift; sourceTree = "<group>"; };
		045722D61FEFA9FE00E9EA7A /* Base */ = {isa = PBXFileReference; lastKnownFileType = file.storyboard; name = Base; path = Base.lproj/Main.storyboard; sourceTree = "<group>"; };
		045722D81FEFA9FE00E9EA7A /* Assets.xcassets */ = {isa = PBXFileReference; lastKnownFileType = folder.assetcatalog; path = Assets.xcassets; sourceTree = "<group>"; };
		045722DB1FEFA9FE00E9EA7A /* Base */ = {isa = PBXFileReference; lastKnownFileType = file.storyboard; name = Base; path = Base.lproj/LaunchScreen.storyboard; sourceTree = "<group>"; };
		045722DD1FEFA9FE00E9EA7A /* Info.plist */ = {isa = PBXFileReference; lastKnownFileType = text.plist.xml; path = Info.plist; sourceTree = "<group>"; };
		045722E21FEFA9FE00E9EA7A /* CalculatorTests.xctest */ = {isa = PBXFileReference; explicitFileType = wrapper.cfbundle; includeInIndex = 0; path = CalculatorTests.xctest; sourceTree = BUILT_PRODUCTS_DIR; };
		045722E61FEFA9FE00E9EA7A /* CalculatorTests.swift */ = {isa = PBXFileReference; lastKnownFileType = sourcecode.swift; path = CalculatorTests.swift; sourceTree = "<group>"; };
		045722E81FEFA9FE00E9EA7A /* Info.plist */ = {isa = PBXFileReference; lastKnownFileType = text.plist.xml; path = Info.plist; sourceTree = "<group>"; };
		045722ED1FEFA9FE00E9EA7A /* CalculatorUITests.xctest */ = {isa = PBXFileReference; explicitFileType = wrapper.cfbundle; includeInIndex = 0; path = CalculatorUITests.xctest; sourceTree = BUILT_PRODUCTS_DIR; };
		045722F11FEFA9FE00E9EA7A /* CalculatorUITests.swift */ = {isa = PBXFileReference; lastKnownFileType = sourcecode.swift; path = CalculatorUITests.swift; sourceTree = "<group>"; };
		045722F31FEFA9FE00E9EA7A /* Info.plist */ = {isa = PBXFileReference; lastKnownFileType = text.plist.xml; path = Info.plist; sourceTree = "<group>"; };
		045722FF1FEFC4CE00E9EA7A /* CollectionViewCell.swift */ = {isa = PBXFileReference; lastKnownFileType = sourcecode.swift; path = CollectionViewCell.swift; sourceTree = "<group>"; };
		04887845201F5A5D00AC8C4B /* XColorPickerView.mm */ = {isa = PBXFileReference; fileEncoding = 4; lastKnownFileType = sourcecode.cpp.objcpp; path = XColorPickerView.mm; sourceTree = "<group>"; };
		04887846201F5A5D00AC8C4B /* XColorPickerView.h */ = {isa = PBXFileReference; fileEncoding = 4; lastKnownFileType = sourcecode.c.h; path = XColorPickerView.h; sourceTree = "<group>"; };
		0488784C201F5DE600AC8C4B /* ThemeColorViewController.h */ = {isa = PBXFileReference; lastKnownFileType = sourcecode.c.h; path = ThemeColorViewController.h; sourceTree = "<group>"; };
		0488784D201F5DE600AC8C4B /* ThemeColorViewController.m */ = {isa = PBXFileReference; lastKnownFileType = sourcecode.c.objc; path = ThemeColorViewController.m; sourceTree = "<group>"; };
		0488784E201F5DE600AC8C4B /* ThemeColorViewController.xib */ = {isa = PBXFileReference; lastKnownFileType = file.xib; path = ThemeColorViewController.xib; sourceTree = "<group>"; };
		0488785A202307F200AC8C4B /* Bugly.framework */ = {isa = PBXFileReference; lastKnownFileType = wrapper.framework; path = Bugly.framework; sourceTree = "<group>"; };
		0488785D2023081600AC8C4B /* SystemConfiguration.framework */ = {isa = PBXFileReference; lastKnownFileType = wrapper.framework; name = SystemConfiguration.framework; path = System/Library/Frameworks/SystemConfiguration.framework; sourceTree = SDKROOT; };
		0488785F2023081E00AC8C4B /* Security.framework */ = {isa = PBXFileReference; lastKnownFileType = wrapper.framework; name = Security.framework; path = System/Library/Frameworks/Security.framework; sourceTree = SDKROOT; };
		048878612023083600AC8C4B /* libz.tbd */ = {isa = PBXFileReference; lastKnownFileType = "sourcecode.text-based-dylib-definition"; name = libz.tbd; path = usr/lib/libz.tbd; sourceTree = SDKROOT; };
		048878632023084500AC8C4B /* libc++.tbd */ = {isa = PBXFileReference; lastKnownFileType = "sourcecode.text-based-dylib-definition"; name = "libc++.tbd"; path = "usr/lib/libc++.tbd"; sourceTree = SDKROOT; };
		049EF408200FB31F0076B6BE /* MainViewController.swift */ = {isa = PBXFileReference; fileEncoding = 4; lastKnownFileType = sourcecode.swift; path = MainViewController.swift; sourceTree = "<group>"; };
		049EF40F2014A1D70076B6BE /* XUppercase.h */ = {isa = PBXFileReference; lastKnownFileType = sourcecode.c.h; path = XUppercase.h; sourceTree = "<group>"; };
		049EF4102014A1D70076B6BE /* XUppercase.m */ = {isa = PBXFileReference; lastKnownFileType = sourcecode.c.objc; path = XUppercase.m; sourceTree = "<group>"; };
		049EF412201626780076B6BE /* CapitalViewController.swift */ = {isa = PBXFileReference; lastKnownFileType = sourcecode.swift; path = CapitalViewController.swift; sourceTree = "<group>"; };
		04BBDA2C2017775800B3ED3A /* UniExpressionViewController.swift */ = {isa = PBXFileReference; lastKnownFileType = sourcecode.swift; path = UniExpressionViewController.swift; sourceTree = "<group>"; };
		96543B6D213FA28000220014 /* SOWebViewController.swift */ = {isa = PBXFileReference; lastKnownFileType = sourcecode.swift; path = SOWebViewController.swift; sourceTree = "<group>"; };
/* End PBXFileReference section */

/* Begin PBXFrameworksBuildPhase section */
		045722CB1FEFA9FE00E9EA7A /* Frameworks */ = {
			isa = PBXFrameworksBuildPhase;
			buildActionMask = 2147483647;
			files = (
				048878642023084500AC8C4B /* libc++.tbd in Frameworks */,
				048878622023083600AC8C4B /* libz.tbd in Frameworks */,
				048878602023081E00AC8C4B /* Security.framework in Frameworks */,
				0488785E2023081600AC8C4B /* SystemConfiguration.framework in Frameworks */,
				0488785B202307F200AC8C4B /* Bugly.framework in Frameworks */,
			);
			runOnlyForDeploymentPostprocessing = 0;
		};
		045722DF1FEFA9FE00E9EA7A /* Frameworks */ = {
			isa = PBXFrameworksBuildPhase;
			buildActionMask = 2147483647;
			files = (
			);
			runOnlyForDeploymentPostprocessing = 0;
		};
		045722EA1FEFA9FE00E9EA7A /* Frameworks */ = {
			isa = PBXFrameworksBuildPhase;
			buildActionMask = 2147483647;
			files = (
			);
			runOnlyForDeploymentPostprocessing = 0;
		};
/* End PBXFrameworksBuildPhase section */

/* Begin PBXGroup section */
		041BC9AE1FF37724009016FE /* Widget */ = {
			isa = PBXGroup;
			children = (
				041BC9B31FF379AB009016FE /* XCalculateString.swift */,
			);
			path = Widget;
			sourceTree = "<group>";
		};
		041BC9AF1FF37801009016FE /* Controller */ = {
			isa = PBXGroup;
			children = (
				0415B79A200B352B0063EF25 /* ViewController.swift */,
				049EF408200FB31F0076B6BE /* MainViewController.swift */,
				0415B799200B352B0063EF25 /* MenuViewController.swift */,
				049EF412201626780076B6BE /* CapitalViewController.swift */,
				04BBDA2C2017775800B3ED3A /* UniExpressionViewController.swift */,
				0488784C201F5DE600AC8C4B /* ThemeColorViewController.h */,
				0488784D201F5DE600AC8C4B /* ThemeColorViewController.m */,
				0488784E201F5DE600AC8C4B /* ThemeColorViewController.xib */,
				042EBCE9203034B900EDAC8A /* YearAwardsViewController.swift */,
				042EBCEB203054DE00EDAC8A /* ATaxCalViewController.swift */,
				042EBCED20305F7000EDAC8A /* MortgageViewController.swift */,
				96543B6D213FA28000220014 /* SOWebViewController.swift */,
			);
			path = Controller;
			sourceTree = "<group>";
		};
		041BC9B01FF37867009016FE /* View */ = {
			isa = PBXGroup;
			children = (
				045722FF1FEFC4CE00E9EA7A /* CollectionViewCell.swift */,
				041BC9AA1FF34CB2009016FE /* TableViewCell.swift */,
				041BC9AB1FF34CB2009016FE /* TableViewCell.xib */,
			);
			path = View;
			sourceTree = "<group>";
		};
		041EC39D1FFA9101008962C1 /* WidgetOC */ = {
			isa = PBXGroup;
			children = (
				041EC39E1FFA9128008962C1 /* MathStringExpression */,
				040D76E41FFBBEF700A5823F /* XMessageView.h */,
				040D76E51FFBBEF700A5823F /* XMessageView.m */,
				049EF40F2014A1D70076B6BE /* XUppercase.h */,
				049EF4102014A1D70076B6BE /* XUppercase.m */,
				04887846201F5A5D00AC8C4B /* XColorPickerView.h */,
				04887845201F5A5D00AC8C4B /* XColorPickerView.mm */,
			);
			path = WidgetOC;
			sourceTree = "<group>";
		};
		041EC39E1FFA9128008962C1 /* MathStringExpression */ = {
			isa = PBXGroup;
			children = (
				041EC3AD1FFA9128008962C1 /* MathStringExpression.h */,
				041EC39F1FFA9128008962C1 /* ExpressionParser */,
				041EC3AA1FFA9128008962C1 /* Helper */,
				041EC3AE1FFA9128008962C1 /* Operator */,
			);
			path = MathStringExpression;
			sourceTree = "<group>";
		};
		041EC39F1FFA9128008962C1 /* ExpressionParser */ = {
			isa = PBXGroup;
			children = (
				041EC3A01FFA9128008962C1 /* MSElementTable.h */,
				041EC3A11FFA9128008962C1 /* MSElementTable.m */,
				041EC3A21FFA9128008962C1 /* MSParser.h */,
				041EC3A31FFA9128008962C1 /* MSParser.m */,
				041EC3A41FFA9128008962C1 /* MSScaner.h */,
				041EC3A51FFA9128008962C1 /* MSScaner.m */,
				041EC3A61FFA9128008962C1 /* MSStack.h */,
				041EC3A71FFA9128008962C1 /* MSStack.m */,
				041EC3A81FFA9128008962C1 /* NSError+MSExpression.h */,
				041EC3A91FFA9128008962C1 /* NSError+MSExpression.m */,
			);
			path = ExpressionParser;
			sourceTree = "<group>";
		};
		041EC3AA1FFA9128008962C1 /* Helper */ = {
			isa = PBXGroup;
			children = (
				041EC3AB1FFA9128008962C1 /* MSExpressionHelper.h */,
				041EC3AC1FFA9128008962C1 /* MSExpressionHelper.m */,
			);
			path = Helper;
			sourceTree = "<group>";
		};
		041EC3AE1FFA9128008962C1 /* Operator */ = {
			isa = PBXGroup;
			children = (
				041EC3AF1FFA9128008962C1 /* MSConstant.h */,
				041EC3B01FFA9128008962C1 /* MSConstant.m */,
				041EC3B11FFA9128008962C1 /* MSElement.h */,
				041EC3B21FFA9128008962C1 /* MSElement.m */,
				041EC3B31FFA9128008962C1 /* MSFunctionOperator.h */,
				041EC3B41FFA9128008962C1 /* MSFunctionOperator.m */,
				041EC3B51FFA9128008962C1 /* MSNumber.h */,
				041EC3B61FFA9128008962C1 /* MSNumber.m */,
				041EC3B71FFA9128008962C1 /* MSNumberGroup.h */,
				041EC3B81FFA9128008962C1 /* MSNumberGroup.m */,
				041EC3B91FFA9128008962C1 /* MSOperator.h */,
				041EC3BA1FFA9128008962C1 /* MSOperator.m */,
				041EC3BB1FFA9128008962C1 /* MSPairOperator.h */,
				041EC3BC1FFA9128008962C1 /* MSPairOperator.m */,
				041EC3BD1FFA9128008962C1 /* MSValue.h */,
				041EC3BE1FFA9128008962C1 /* MSValue.m */,
				041EC3BF1FFA9128008962C1 /* MSValueOperator.h */,
				041EC3C01FFA9128008962C1 /* MSValueOperator.m */,
			);
			path = Operator;
			sourceTree = "<group>";
		};
		045722C51FEFA9FE00E9EA7A = {
			isa = PBXGroup;
			children = (
				045722D01FEFA9FE00E9EA7A /* Calculator */,
				045722E51FEFA9FE00E9EA7A /* CalculatorTests */,
				045722F01FEFA9FE00E9EA7A /* CalculatorUITests */,
				045722CF1FEFA9FE00E9EA7A /* Products */,
				0488785C2023081600AC8C4B /* Frameworks */,
			);
			sourceTree = "<group>";
		};
		045722CF1FEFA9FE00E9EA7A /* Products */ = {
			isa = PBXGroup;
			children = (
				045722CE1FEFA9FE00E9EA7A /* Calculator.app */,
				045722E21FEFA9FE00E9EA7A /* CalculatorTests.xctest */,
				045722ED1FEFA9FE00E9EA7A /* CalculatorUITests.xctest */,
			);
			name = Products;
			sourceTree = "<group>";
		};
		045722D01FEFA9FE00E9EA7A /* Calculator */ = {
			isa = PBXGroup;
			children = (
				04887859202307B600AC8C4B /* Framework */,
				041EC39D1FFA9101008962C1 /* WidgetOC */,
				041BC9B01FF37867009016FE /* View */,
				041BC9AF1FF37801009016FE /* Controller */,
				041BC9AE1FF37724009016FE /* Widget */,
				045722D11FEFA9FE00E9EA7A /* AppDelegate.swift */,
				045722D51FEFA9FE00E9EA7A /* Main.storyboard */,
				045722D81FEFA9FE00E9EA7A /* Assets.xcassets */,
				045722DA1FEFA9FE00E9EA7A /* LaunchScreen.storyboard */,
				045722DD1FEFA9FE00E9EA7A /* Info.plist */,
				040C87DD1FF2568C00CCBCC2 /* Data.plist */,
				041EC3D31FFA925C008962C1 /* Calculator-Bridging-Header.h */,
			);
			path = Calculator;
			sourceTree = "<group>";
		};
		045722E51FEFA9FE00E9EA7A /* CalculatorTests */ = {
			isa = PBXGroup;
			children = (
				045722E61FEFA9FE00E9EA7A /* CalculatorTests.swift */,
				045722E81FEFA9FE00E9EA7A /* Info.plist */,
			);
			path = CalculatorTests;
			sourceTree = "<group>";
		};
		045722F01FEFA9FE00E9EA7A /* CalculatorUITests */ = {
			isa = PBXGroup;
			children = (
				045722F11FEFA9FE00E9EA7A /* CalculatorUITests.swift */,
				045722F31FEFA9FE00E9EA7A /* Info.plist */,
			);
			path = CalculatorUITests;
			sourceTree = "<group>";
		};
		04887859202307B600AC8C4B /* Framework */ = {
			isa = PBXGroup;
			children = (
				0488785A202307F200AC8C4B /* Bugly.framework */,
			);
			path = Framework;
			sourceTree = "<group>";
		};
		0488785C2023081600AC8C4B /* Frameworks */ = {
			isa = PBXGroup;
			children = (
				048878632023084500AC8C4B /* libc++.tbd */,
				048878612023083600AC8C4B /* libz.tbd */,
				0488785F2023081E00AC8C4B /* Security.framework */,
				0488785D2023081600AC8C4B /* SystemConfiguration.framework */,
			);
			name = Frameworks;
			sourceTree = "<group>";
		};
/* End PBXGroup section */

/* Begin PBXNativeTarget section */
		045722CD1FEFA9FE00E9EA7A /* Calculator */ = {
			isa = PBXNativeTarget;
			buildConfigurationList = 045722F61FEFA9FE00E9EA7A /* Build configuration list for PBXNativeTarget "Calculator" */;
			buildPhases = (
				045722CA1FEFA9FE00E9EA7A /* Sources */,
				045722CB1FEFA9FE00E9EA7A /* Frameworks */,
				045722CC1FEFA9FE00E9EA7A /* Resources */,
			);
			buildRules = (
			);
			dependencies = (
			);
			name = Calculator;
			productName = Calculator;
			productReference = 045722CE1FEFA9FE00E9EA7A /* Calculator.app */;
			productType = "com.apple.product-type.application";
		};
		045722E11FEFA9FE00E9EA7A /* CalculatorTests */ = {
			isa = PBXNativeTarget;
			buildConfigurationList = 045722F91FEFA9FE00E9EA7A /* Build configuration list for PBXNativeTarget "CalculatorTests" */;
			buildPhases = (
				045722DE1FEFA9FE00E9EA7A /* Sources */,
				045722DF1FEFA9FE00E9EA7A /* Frameworks */,
				045722E01FEFA9FE00E9EA7A /* Resources */,
			);
			buildRules = (
			);
			dependencies = (
				045722E41FEFA9FE00E9EA7A /* PBXTargetDependency */,
			);
			name = CalculatorTests;
			productName = CalculatorTests;
			productReference = 045722E21FEFA9FE00E9EA7A /* CalculatorTests.xctest */;
			productType = "com.apple.product-type.bundle.unit-test";
		};
		045722EC1FEFA9FE00E9EA7A /* CalculatorUITests */ = {
			isa = PBXNativeTarget;
			buildConfigurationList = 045722FC1FEFA9FE00E9EA7A /* Build configuration list for PBXNativeTarget "CalculatorUITests" */;
			buildPhases = (
				045722E91FEFA9FE00E9EA7A /* Sources */,
				045722EA1FEFA9FE00E9EA7A /* Frameworks */,
				045722EB1FEFA9FE00E9EA7A /* Resources */,
			);
			buildRules = (
			);
			dependencies = (
				045722EF1FEFA9FE00E9EA7A /* PBXTargetDependency */,
			);
			name = CalculatorUITests;
			productName = CalculatorUITests;
			productReference = 045722ED1FEFA9FE00E9EA7A /* CalculatorUITests.xctest */;
			productType = "com.apple.product-type.bundle.ui-testing";
		};
/* End PBXNativeTarget section */

/* Begin PBXProject section */
		045722C61FEFA9FE00E9EA7A /* Project object */ = {
			isa = PBXProject;
			attributes = {
				LastSwiftUpdateCheck = 0910;
				LastUpgradeCheck = 0910;
				ORGANIZATIONNAME = "YC X";
				TargetAttributes = {
					045722CD1FEFA9FE00E9EA7A = {
						CreatedOnToolsVersion = 9.1;
						ProvisioningStyle = Automatic;
					};
					045722E11FEFA9FE00E9EA7A = {
						CreatedOnToolsVersion = 9.1;
						ProvisioningStyle = Automatic;
						TestTargetID = 045722CD1FEFA9FE00E9EA7A;
					};
					045722EC1FEFA9FE00E9EA7A = {
						CreatedOnToolsVersion = 9.1;
						ProvisioningStyle = Automatic;
						TestTargetID = 045722CD1FEFA9FE00E9EA7A;
					};
				};
			};
			buildConfigurationList = 045722C91FEFA9FE00E9EA7A /* Build configuration list for PBXProject "Calculator" */;
			compatibilityVersion = "Xcode 8.0";
			developmentRegion = en;
			hasScannedForEncodings = 0;
			knownRegions = (
				en,
				Base,
			);
			mainGroup = 045722C51FEFA9FE00E9EA7A;
			productRefGroup = 045722CF1FEFA9FE00E9EA7A /* Products */;
			projectDirPath = "";
			projectRoot = "";
			targets = (
				045722CD1FEFA9FE00E9EA7A /* Calculator */,
				045722E11FEFA9FE00E9EA7A /* CalculatorTests */,
				045722EC1FEFA9FE00E9EA7A /* CalculatorUITests */,
			);
		};
/* End PBXProject section */

/* Begin PBXResourcesBuildPhase section */
		045722CC1FEFA9FE00E9EA7A /* Resources */ = {
			isa = PBXResourcesBuildPhase;
			buildActionMask = 2147483647;
			files = (
				045722DC1FEFA9FE00E9EA7A /* LaunchScreen.storyboard in Resources */,
				041BC9AD1FF34CB2009016FE /* TableViewCell.xib in Resources */,
				045722D91FEFA9FE00E9EA7A /* Assets.xcassets in Resources */,
				040C87DE1FF2568C00CCBCC2 /* Data.plist in Resources */,
				04887850201F5DE600AC8C4B /* ThemeColorViewController.xib in Resources */,
				045722D71FEFA9FE00E9EA7A /* Main.storyboard in Resources */,
			);
			runOnlyForDeploymentPostprocessing = 0;
		};
		045722E01FEFA9FE00E9EA7A /* Resources */ = {
			isa = PBXResourcesBuildPhase;
			buildActionMask = 2147483647;
			files = (
			);
			runOnlyForDeploymentPostprocessing = 0;
		};
		045722EB1FEFA9FE00E9EA7A /* Resources */ = {
			isa = PBXResourcesBuildPhase;
			buildActionMask = 2147483647;
			files = (
			);
			runOnlyForDeploymentPostprocessing = 0;
		};
/* End PBXResourcesBuildPhase section */

/* Begin PBXSourcesBuildPhase section */
		045722CA1FEFA9FE00E9EA7A /* Sources */ = {
			isa = PBXSourcesBuildPhase;
			buildActionMask = 2147483647;
			files = (
				041EC3CB1FFA9128008962C1 /* MSNumberGroup.m in Sources */,
				049EF409200FB31F0076B6BE /* MainViewController.swift in Sources */,
				0488784F201F5DE600AC8C4B /* ThemeColorViewController.m in Sources */,
				041EC3CA1FFA9128008962C1 /* MSNumber.m in Sources */,
				041EC3CC1FFA9128008962C1 /* MSOperator.m in Sources */,
				041EC3C71FFA9128008962C1 /* MSConstant.m in Sources */,
				040D76E61FFBBEF700A5823F /* XMessageView.m in Sources */,
				041EC3C81FFA9128008962C1 /* MSElement.m in Sources */,
				0415B79C200B352B0063EF25 /* ViewController.swift in Sources */,
				041EC3C31FFA9128008962C1 /* MSScaner.m in Sources */,
				041EC3C21FFA9128008962C1 /* MSParser.m in Sources */,
				041BC9B41FF379AB009016FE /* XCalculateString.swift in Sources */,
				041EC3CE1FFA9128008962C1 /* MSValue.m in Sources */,
				041BC9AC1FF34CB2009016FE /* TableViewCell.swift in Sources */,
				041EC3C51FFA9128008962C1 /* NSError+MSExpression.m in Sources */,
				045722D21FEFA9FE00E9EA7A /* AppDelegate.swift in Sources */,
				041EC3C61FFA9128008962C1 /* MSExpressionHelper.m in Sources */,
				0415B79B200B352B0063EF25 /* MenuViewController.swift in Sources */,
				045723001FEFC4CE00E9EA7A /* CollectionViewCell.swift in Sources */,
				96543B6E213FA28000220014 /* SOWebViewController.swift in Sources */,
				041EC3C41FFA9128008962C1 /* MSStack.m in Sources */,
				049EF413201626780076B6BE /* CapitalViewController.swift in Sources */,
				041EC3CD1FFA9128008962C1 /* MSPairOperator.m in Sources */,
				041EC3CF1FFA9128008962C1 /* MSValueOperator.m in Sources */,
				041EC3C11FFA9128008962C1 /* MSElementTable.m in Sources */,
				04BBDA2D2017775800B3ED3A /* UniExpressionViewController.swift in Sources */,
				041EC3C91FFA9128008962C1 /* MSFunctionOperator.m in Sources */,
				04887847201F5A5D00AC8C4B /* XColorPickerView.mm in Sources */,
				049EF4112014A1D70076B6BE /* XUppercase.m in Sources */,
				042EBCEA203034B900EDAC8A /* YearAwardsViewController.swift in Sources */,
				042EBCEE20305F7000EDAC8A /* MortgageViewController.swift in Sources */,
				042EBCEC203054DE00EDAC8A /* ATaxCalViewController.swift in Sources */,
			);
			runOnlyForDeploymentPostprocessing = 0;
		};
		045722DE1FEFA9FE00E9EA7A /* Sources */ = {
			isa = PBXSourcesBuildPhase;
			buildActionMask = 2147483647;
			files = (
				045722E71FEFA9FE00E9EA7A /* CalculatorTests.swift in Sources */,
			);
			runOnlyForDeploymentPostprocessing = 0;
		};
		045722E91FEFA9FE00E9EA7A /* Sources */ = {
			isa = PBXSourcesBuildPhase;
			buildActionMask = 2147483647;
			files = (
				045722F21FEFA9FE00E9EA7A /* CalculatorUITests.swift in Sources */,
			);
			runOnlyForDeploymentPostprocessing = 0;
		};
/* End PBXSourcesBuildPhase section */

/* Begin PBXTargetDependency section */
		045722E41FEFA9FE00E9EA7A /* PBXTargetDependency */ = {
			isa = PBXTargetDependency;
			target = 045722CD1FEFA9FE00E9EA7A /* Calculator */;
			targetProxy = 045722E31FEFA9FE00E9EA7A /* PBXContainerItemProxy */;
		};
		045722EF1FEFA9FE00E9EA7A /* PBXTargetDependency */ = {
			isa = PBXTargetDependency;
			target = 045722CD1FEFA9FE00E9EA7A /* Calculator */;
			targetProxy = 045722EE1FEFA9FE00E9EA7A /* PBXContainerItemProxy */;
		};
/* End PBXTargetDependency section */

/* Begin PBXVariantGroup section */
		045722D51FEFA9FE00E9EA7A /* Main.storyboard */ = {
			isa = PBXVariantGroup;
			children = (
				045722D61FEFA9FE00E9EA7A /* Base */,
			);
			name = Main.storyboard;
			sourceTree = "<group>";
		};
		045722DA1FEFA9FE00E9EA7A /* LaunchScreen.storyboard */ = {
			isa = PBXVariantGroup;
			children = (
				045722DB1FEFA9FE00E9EA7A /* Base */,
			);
			name = LaunchScreen.storyboard;
			sourceTree = "<group>";
		};
/* End PBXVariantGroup section */

/* Begin XCBuildConfiguration section */
		045722F41FEFA9FE00E9EA7A /* Debug */ = {
			isa = XCBuildConfiguration;
			buildSettings = {
				ALWAYS_SEARCH_USER_PATHS = NO;
				CLANG_ANALYZER_NONNULL = YES;
				CLANG_ANALYZER_NUMBER_OBJECT_CONVERSION = YES_AGGRESSIVE;
				CLANG_CXX_LANGUAGE_STANDARD = "gnu++14";
				CLANG_CXX_LIBRARY = "libc++";
				CLANG_ENABLE_MODULES = YES;
				CLANG_ENABLE_OBJC_ARC = YES;
				CLANG_WARN_BLOCK_CAPTURE_AUTORELEASING = YES;
				CLANG_WARN_BOOL_CONVERSION = YES;
				CLANG_WARN_COMMA = YES;
				CLANG_WARN_CONSTANT_CONVERSION = YES;
				CLANG_WARN_DIRECT_OBJC_ISA_USAGE = YES_ERROR;
				CLANG_WARN_DOCUMENTATION_COMMENTS = YES;
				CLANG_WARN_EMPTY_BODY = YES;
				CLANG_WARN_ENUM_CONVERSION = YES;
				CLANG_WARN_INFINITE_RECURSION = YES;
				CLANG_WARN_INT_CONVERSION = YES;
				CLANG_WARN_NON_LITERAL_NULL_CONVERSION = YES;
				CLANG_WARN_OBJC_LITERAL_CONVERSION = YES;
				CLANG_WARN_OBJC_ROOT_CLASS = YES_ERROR;
				CLANG_WARN_RANGE_LOOP_ANALYSIS = YES;
				CLANG_WARN_STRICT_PROTOTYPES = YES;
				CLANG_WARN_SUSPICIOUS_MOVE = YES;
				CLANG_WARN_UNGUARDED_AVAILABILITY = YES_AGGRESSIVE;
				CLANG_WARN_UNREACHABLE_CODE = YES;
				CLANG_WARN__DUPLICATE_METHOD_MATCH = YES;
				CODE_SIGN_IDENTITY = "iPhone Developer";
				COPY_PHASE_STRIP = NO;
				DEBUG_INFORMATION_FORMAT = dwarf;
				ENABLE_STRICT_OBJC_MSGSEND = YES;
				ENABLE_TESTABILITY = YES;
				GCC_C_LANGUAGE_STANDARD = gnu11;
				GCC_DYNAMIC_NO_PIC = NO;
				GCC_NO_COMMON_BLOCKS = YES;
				GCC_OPTIMIZATION_LEVEL = 0;
				GCC_PREPROCESSOR_DEFINITIONS = (
					"DEBUG=1",
					"$(inherited)",
				);
				GCC_WARN_64_TO_32_BIT_CONVERSION = YES;
				GCC_WARN_ABOUT_RETURN_TYPE = YES_ERROR;
				GCC_WARN_UNDECLARED_SELECTOR = YES;
				GCC_WARN_UNINITIALIZED_AUTOS = YES_AGGRESSIVE;
				GCC_WARN_UNUSED_FUNCTION = YES;
				GCC_WARN_UNUSED_VARIABLE = YES;
				IPHONEOS_DEPLOYMENT_TARGET = 11.1;
				MTL_ENABLE_DEBUG_INFO = YES;
				ONLY_ACTIVE_ARCH = YES;
				SDKROOT = iphoneos;
				SWIFT_ACTIVE_COMPILATION_CONDITIONS = DEBUG;
				SWIFT_OPTIMIZATION_LEVEL = "-Onone";
			};
			name = Debug;
		};
		045722F51FEFA9FE00E9EA7A /* Release */ = {
			isa = XCBuildConfiguration;
			buildSettings = {
				ALWAYS_SEARCH_USER_PATHS = NO;
				CLANG_ANALYZER_NONNULL = YES;
				CLANG_ANALYZER_NUMBER_OBJECT_CONVERSION = YES_AGGRESSIVE;
				CLANG_CXX_LANGUAGE_STANDARD = "gnu++14";
				CLANG_CXX_LIBRARY = "libc++";
				CLANG_ENABLE_MODULES = YES;
				CLANG_ENABLE_OBJC_ARC = YES;
				CLANG_WARN_BLOCK_CAPTURE_AUTORELEASING = YES;
				CLANG_WARN_BOOL_CONVERSION = YES;
				CLANG_WARN_COMMA = YES;
				CLANG_WARN_CONSTANT_CONVERSION = YES;
				CLANG_WARN_DIRECT_OBJC_ISA_USAGE = YES_ERROR;
				CLANG_WARN_DOCUMENTATION_COMMENTS = YES;
				CLANG_WARN_EMPTY_BODY = YES;
				CLANG_WARN_ENUM_CONVERSION = YES;
				CLANG_WARN_INFINITE_RECURSION = YES;
				CLANG_WARN_INT_CONVERSION = YES;
				CLANG_WARN_NON_LITERAL_NULL_CONVERSION = YES;
				CLANG_WARN_OBJC_LITERAL_CONVERSION = YES;
				CLANG_WARN_OBJC_ROOT_CLASS = YES_ERROR;
				CLANG_WARN_RANGE_LOOP_ANALYSIS = YES;
				CLANG_WARN_STRICT_PROTOTYPES = YES;
				CLANG_WARN_SUSPICIOUS_MOVE = YES;
				CLANG_WARN_UNGUARDED_AVAILABILITY = YES_AGGRESSIVE;
				CLANG_WARN_UNREACHABLE_CODE = YES;
				CLANG_WARN__DUPLICATE_METHOD_MATCH = YES;
				CODE_SIGN_IDENTITY = "iPhone Developer";
				COPY_PHASE_STRIP = NO;
				DEBUG_INFORMATION_FORMAT = "dwarf-with-dsym";
				ENABLE_NS_ASSERTIONS = NO;
				ENABLE_STRICT_OBJC_MSGSEND = YES;
				GCC_C_LANGUAGE_STANDARD = gnu11;
				GCC_NO_COMMON_BLOCKS = YES;
				GCC_WARN_64_TO_32_BIT_CONVERSION = YES;
				GCC_WARN_ABOUT_RETURN_TYPE = YES_ERROR;
				GCC_WARN_UNDECLARED_SELECTOR = YES;
				GCC_WARN_UNINITIALIZED_AUTOS = YES_AGGRESSIVE;
				GCC_WARN_UNUSED_FUNCTION = YES;
				GCC_WARN_UNUSED_VARIABLE = YES;
				IPHONEOS_DEPLOYMENT_TARGET = 11.1;
				MTL_ENABLE_DEBUG_INFO = NO;
				SDKROOT = iphoneos;
				SWIFT_OPTIMIZATION_LEVEL = "-Owholemodule";
				VALIDATE_PRODUCT = YES;
			};
			name = Release;
		};
		045722F71FEFA9FE00E9EA7A /* Debug */ = {
			isa = XCBuildConfiguration;
			buildSettings = {
				ASSETCATALOG_COMPILER_APPICON_NAME = AppIcon;
				CODE_SIGN_STYLE = Automatic;
				DEVELOPMENT_TEAM = LV6Y87Y7RS;
				FRAMEWORK_SEARCH_PATHS = (
					"$(inherited)",
					"$(PROJECT_DIR)/Calculator/Framework",
				);
				INFOPLIST_FILE = Calculator/Info.plist;
				IPHONEOS_DEPLOYMENT_TARGET = 9.0;
				LD_RUNPATH_SEARCH_PATHS = "$(inherited) @executable_path/Frameworks";
				PRODUCT_BUNDLE_IDENTIFIER = com.welightworld.calculator;
				PRODUCT_NAME = "$(TARGET_NAME)";
				SWIFT_OBJC_BRIDGING_HEADER = "Calculator/Calculator-Bridging-Header.h";
				SWIFT_VERSION = 4.0;
				TARGETED_DEVICE_FAMILY = 1;
			};
			name = Debug;
		};
		045722F81FEFA9FE00E9EA7A /* Release */ = {
			isa = XCBuildConfiguration;
			buildSettings = {
				ASSETCATALOG_COMPILER_APPICON_NAME = AppIcon;
				CODE_SIGN_STYLE = Automatic;
				DEVELOPMENT_TEAM = LV6Y87Y7RS;
				FRAMEWORK_SEARCH_PATHS = (
					"$(inherited)",
					"$(PROJECT_DIR)/Calculator/Framework",
				);
				INFOPLIST_FILE = Calculator/Info.plist;
				IPHONEOS_DEPLOYMENT_TARGET = 9.0;
				LD_RUNPATH_SEARCH_PATHS = "$(inherited) @executable_path/Frameworks";
				PRODUCT_BUNDLE_IDENTIFIER = com.welightworld.calculator;
				PRODUCT_NAME = "$(TARGET_NAME)";
				SWIFT_OBJC_BRIDGING_HEADER = "Calculator/Calculator-Bridging-Header.h";
				SWIFT_VERSION = 4.0;
				TARGETED_DEVICE_FAMILY = 1;
			};
			name = Release;
		};
		045722FA1FEFA9FE00E9EA7A /* Debug */ = {
			isa = XCBuildConfiguration;
			buildSettings = {
				ALWAYS_EMBED_SWIFT_STANDARD_LIBRARIES = YES;
				BUNDLE_LOADER = "$(TEST_HOST)";
				CODE_SIGN_STYLE = Automatic;
				DEVELOPMENT_TEAM = VHCZ8JHWRB;
				INFOPLIST_FILE = CalculatorTests/Info.plist;
				LD_RUNPATH_SEARCH_PATHS = "$(inherited) @executable_path/Frameworks @loader_path/Frameworks";
				PRODUCT_BUNDLE_IDENTIFIER = com.calculator.CalculatorTests;
				PRODUCT_NAME = "$(TARGET_NAME)";
				SWIFT_VERSION = 4.0;
				TARGETED_DEVICE_FAMILY = "1,2";
				TEST_HOST = "$(BUILT_PRODUCTS_DIR)/Calculator.app/Calculator";
			};
			name = Debug;
		};
		045722FB1FEFA9FE00E9EA7A /* Release */ = {
			isa = XCBuildConfiguration;
			buildSettings = {
				ALWAYS_EMBED_SWIFT_STANDARD_LIBRARIES = YES;
				BUNDLE_LOADER = "$(TEST_HOST)";
				CODE_SIGN_STYLE = Automatic;
				DEVELOPMENT_TEAM = VHCZ8JHWRB;
				INFOPLIST_FILE = CalculatorTests/Info.plist;
				LD_RUNPATH_SEARCH_PATHS = "$(inherited) @executable_path/Frameworks @loader_path/Frameworks";
				PRODUCT_BUNDLE_IDENTIFIER = com.calculator.CalculatorTests;
				PRODUCT_NAME = "$(TARGET_NAME)";
				SWIFT_VERSION = 4.0;
				TARGETED_DEVICE_FAMILY = "1,2";
				TEST_HOST = "$(BUILT_PRODUCTS_DIR)/Calculator.app/Calculator";
			};
			name = Release;
		};
		045722FD1FEFA9FE00E9EA7A /* Debug */ = {
			isa = XCBuildConfiguration;
			buildSettings = {
				ALWAYS_EMBED_SWIFT_STANDARD_LIBRARIES = YES;
				CODE_SIGN_STYLE = Automatic;
				DEVELOPMENT_TEAM = VHCZ8JHWRB;
				INFOPLIST_FILE = CalculatorUITests/Info.plist;
				LD_RUNPATH_SEARCH_PATHS = "$(inherited) @executable_path/Frameworks @loader_path/Frameworks";
				PRODUCT_BUNDLE_IDENTIFIER = com.calculator.CalculatorUITests;
				PRODUCT_NAME = "$(TARGET_NAME)";
				SWIFT_VERSION = 4.0;
				TARGETED_DEVICE_FAMILY = "1,2";
				TEST_TARGET_NAME = Calculator;
			};
			name = Debug;
		};
		045722FE1FEFA9FE00E9EA7A /* Release */ = {
			isa = XCBuildConfiguration;
			buildSettings = {
				ALWAYS_EMBED_SWIFT_STANDARD_LIBRARIES = YES;
				CODE_SIGN_STYLE = Automatic;
				DEVELOPMENT_TEAM = VHCZ8JHWRB;
				INFOPLIST_FILE = CalculatorUITests/Info.plist;
				LD_RUNPATH_SEARCH_PATHS = "$(inherited) @executable_path/Frameworks @loader_path/Frameworks";
				PRODUCT_BUNDLE_IDENTIFIER = com.calculator.CalculatorUITests;
				PRODUCT_NAME = "$(TARGET_NAME)";
				SWIFT_VERSION = 4.0;
				TARGETED_DEVICE_FAMILY = "1,2";
				TEST_TARGET_NAME = Calculator;
			};
			name = Release;
		};
/* End XCBuildConfiguration section */

/* Begin XCConfigurationList section */
		045722C91FEFA9FE00E9EA7A /* Build configuration list for PBXProject "Calculator" */ = {
			isa = XCConfigurationList;
			buildConfigurations = (
				045722F41FEFA9FE00E9EA7A /* Debug */,
				045722F51FEFA9FE00E9EA7A /* Release */,
			);
			defaultConfigurationIsVisible = 0;
			defaultConfigurationName = Release;
		};
		045722F61FEFA9FE00E9EA7A /* Build configuration list for PBXNativeTarget "Calculator" */ = {
			isa = XCConfigurationList;
			buildConfigurations = (
				045722F71FEFA9FE00E9EA7A /* Debug */,
				045722F81FEFA9FE00E9EA7A /* Release */,
			);
			defaultConfigurationIsVisible = 0;
			defaultConfigurationName = Release;
		};
		045722F91FEFA9FE00E9EA7A /* Build configuration list for PBXNativeTarget "CalculatorTests" */ = {
			isa = XCConfigurationList;
			buildConfigurations = (
				045722FA1FEFA9FE00E9EA7A /* Debug */,
				045722FB1FEFA9FE00E9EA7A /* Release */,
			);
			defaultConfigurationIsVisible = 0;
			defaultConfigurationName = Release;
		};
		045722FC1FEFA9FE00E9EA7A /* Build configuration list for PBXNativeTarget "CalculatorUITests" */ = {
			isa = XCConfigurationList;
			buildConfigurations = (
				045722FD1FEFA9FE00E9EA7A /* Debug */,
				045722FE1FEFA9FE00E9EA7A /* Release */,
			);
			defaultConfigurationIsVisible = 0;
			defaultConfigurationName = Release;
		};
/* End XCConfigurationList section */
	};
	rootObject = 045722C61FEFA9FE00E9EA7A /* Project object */;
}
